
Microsoft Visual Studio Solution File, Format Version 12.00
# Visual Studio 2012
Project("{FAE04EC0-301F-11D3-BF4B-00C04F79EFBC}") = "18_Interface_account", "18_Interface_account\18_Interface_account.csproj", "{8ED3C6EC-3105-44D3-A866-6DE9C5A675F7}"
EndProject
Global
	GlobalSection(SolutionConfigurationPlatforms) = preSolution
		Debug|Any CPU = Debug|Any CPU
		Release|Any CPU = Release|Any CPU
	EndGlobalSection
	GlobalSection(ProjectConfigurationPlatforms) = postSolution
		{8ED3C6EC-3105-44D3-A866-6DE9C5A675F7}.Debug|Any CPU.ActiveCfg = Debug|Any CPU
		{8ED3C6EC-3105-44D3-A866-6DE9C5A675F7}.Debug|Any CPU.Build.0 = Debug|Any CPU
		{8ED3C6EC-3105-44D3-A866-6DE9C5A675F7}.Release|Any CPU.ActiveCfg = Release|Any CPU
		{8ED3C6EC-3105-44D3-A866-6DE9C5A675F7}.Release|Any CPU.Build.0 = Release|Any CPU
	EndGlobalSection
	GlobalSection(SolutionProperties) = preSolution
		HideSolutionNode = FALSE
	EndGlobalSection
EndGlobal
