
Microsoft Visual Studio Solution File, Format Version 12.00
# Visual Studio 2012
Project("{FAE04EC0-301F-11D3-BF4B-00C04F79EFBC}") = "11_String_Match_vowels", "11_String_Match_vowels\11_String_Match_vowels.csproj", "{4738996B-ABA4-4416-BB11-D0E071EBB837}"
EndProject
Global
	GlobalSection(SolutionConfigurationPlatforms) = preSolution
		Debug|Any CPU = Debug|Any CPU
		Release|Any CPU = Release|Any CPU
	EndGlobalSection
	GlobalSection(ProjectConfigurationPlatforms) = postSolution
		{4738996B-ABA4-4416-BB11-D0E071EBB837}.Debug|Any CPU.ActiveCfg = Debug|Any CPU
		{4738996B-ABA4-4416-BB11-D0E071EBB837}.Debug|Any CPU.Build.0 = Debug|Any CPU
		{4738996B-ABA4-4416-BB11-D0E071EBB837}.Release|Any CPU.ActiveCfg = Release|Any CPU
		{4738996B-ABA4-4416-BB11-D0E071EBB837}.Release|Any CPU.Build.0 = Release|Any CPU
	EndGlobalSection
	GlobalSection(SolutionProperties) = preSolution
		HideSolutionNode = FALSE
	EndGlobalSection
EndGlobal
